
Microsoft Visual Studio Solution File, Format Version 12.00
# Visual Studio Version 16
VisualStudioVersion = 25.0.1700.0
MinimumVisualStudioVersion = 10.0.40219.1
Project("{FAE04EC0-301F-11D3-BF4B-00C04F79EFBC}") = "cs12_paskaita_XUnit", "cs12_paskaita_XUnit\cs12_paskaita_XUnit.csproj", "{2A808293-5689-4258-A582-8E605A9F00E6}"
EndProject
Global
	GlobalSection(SolutionConfigurationPlatforms) = preSolution
		Debug|Any CPU = Debug|Any CPU
		Release|Any CPU = Release|Any CPU
	EndGlobalSection
	GlobalSection(ProjectConfigurationPlatforms) = postSolution
		{2A808293-5689-4258-A582-8E605A9F00E6}.Debug|Any CPU.ActiveCfg = Debug|Any CPU
		{2A808293-5689-4258-A582-8E605A9F00E6}.Debug|Any CPU.Build.0 = Debug|Any CPU
		{2A808293-5689-4258-A582-8E605A9F00E6}.Release|Any CPU.ActiveCfg = Release|Any CPU
		{2A808293-5689-4258-A582-8E605A9F00E6}.Release|Any CPU.Build.0 = Release|Any CPU
	EndGlobalSection
	GlobalSection(SolutionProperties) = preSolution
		HideSolutionNode = FALSE
	EndGlobalSection
	GlobalSection(ExtensibilityGlobals) = postSolution
		SolutionGuid = {057B1378-981D-463E-BBF5-FEC958568647}
	EndGlobalSection
EndGlobal
